
Microsoft Visual Studio Solution File, Format Version 12.00
# Visual Studio 15
VisualStudioVersion = 15.0.26730.8
MinimumVisualStudioVersion = 10.0.40219.1
Project("{FAE04EC0-301F-11D3-BF4B-00C04F79EFBC}") = "FightClub", "FightClub\FightClub.csproj", "{93A16E82-F3B3-4766-8419-9647644FDCB0}"
EndProject
Global
	GlobalSection(SolutionConfigurationPlatforms) = preSolution
		Debug|Any CPU = Debug|Any CPU
		Release|Any CPU = Release|Any CPU
	EndGlobalSection
	GlobalSection(ProjectConfigurationPlatforms) = postSolution
		{93A16E82-F3B3-4766-8419-9647644FDCB0}.Debug|Any CPU.ActiveCfg = Debug|Any CPU
		{93A16E82-F3B3-4766-8419-9647644FDCB0}.Debug|Any CPU.Build.0 = Debug|Any CPU
		{93A16E82-F3B3-4766-8419-9647644FDCB0}.Release|Any CPU.ActiveCfg = Release|Any CPU
		{93A16E82-F3B3-4766-8419-9647644FDCB0}.Release|Any CPU.Build.0 = Release|Any CPU
	EndGlobalSection
	GlobalSection(SolutionProperties) = preSolution
		HideSolutionNode = FALSE
	EndGlobalSection
	GlobalSection(ExtensibilityGlobals) = postSolution
		SolutionGuid = {202C4102-F00E-4DC0-9AFC-7E892A13893E}
	EndGlobalSection
EndGlobal
